github.com/gohugoio/hugo-mod-jslibs-dist/popperjs/v2 v2.21100.20000 h1:GZxx4Hc+yb0/t3/rau1j8XlAxLE4CyXns2fqQbyqWfs=
github.com/gohugoio/hugo-mod-jslibs-dist/popperjs/v2 v2.21100.20000/go.mod h1:mFberT6ZtcchrsDtfvJM7aAH2bDKLdOnruUHl0hlapI=
github.com/hbstack/hb v0.10.0 h1:nRpOXQ9ppo+M9E0pAlK49qQMnwXY3m1xv2kK4f+eFiQ=
github.com/hbstack/hb v0.10.0/go.mod h1:6T8TytCOb1C0EIRVcjzwuhI/G/H0ytTOaJbT1xwiDuY=
github.com/hbstack/hb v0.11.0/go.mod h1:6T8TytCOb1C0EIRVcjzwuhI/G/H0ytTOaJbT1xwiDuY=
github.com/hbstack/hb v0.11.1/go.mod h1:udGcwypPlkMBU+HmhxwJ31w5q/Zak37X8MWTRPeAaBI=
github.com/hbstack/hb v0.11.2/go.mod h1:8liwfjapaZK09pXP6XqZ49GOqFPTn7H9jIZsy7S6esg=
github.com/hbstack/hb v0.12.0/go.mod h1:8liwfjapaZK09pXP6XqZ49GOqFPTn7H9jIZsy7S6esg=
github.com/hbstack/hb v0.12.1/go.mod h1:8liwfjapaZK09pXP6XqZ49GOqFPTn7H9jIZsy7S6esg=
github.com/hbstack/hb v0.12.2/go.mod h1:gwKZN1bsmMuSjEkI/l/9zJCG0Xz96h0r7Cv/WOjjNjc=
github.com/hbstack/hb v0.12.3/go.mod h1:K+8F6OQKKAVneWZKzW/Jj3vbqaG1ewFIH/P7HKNeF3o=
github.com/hbstack/hb v0.12.4/go.mod h1:FJilVCHtkVpfXZT+Ii2OFCVeu9wQh/YGgRMuPKX5ycA=
github.com/hbstack/hb v0.13.0/go.mod h1:FJilVCHtkVpfXZT+Ii2OFCVeu9wQh/YGgRMuPKX5ycA=
github.com/hbstack/hb v0.14.0/go.mod h1:FJilVCHtkVpfXZT+Ii2OFCVeu9wQh/YGgRMuPKX5ycA=
github.com/hbstack/hb v0.15.0/go.mod h1:FJilVCHtkVpfXZT+Ii2OFCVeu9wQh/YGgRMuPKX5ycA=
github.com/hbstack/hb v0.15.1/go.mod h1:FJilVCHtkVpfXZT+Ii2OFCVeu9wQh/YGgRMuPKX5ycA=
github.com/hbstack/hb v0.15.2/go.mod h1:FJilVCHtkVpfXZT+Ii2OFCVeu9wQh/YGgRMuPKX5ycA=
github.com/hbstack/hb v0.15.3/go.mod h1:FJilVCHtkVpfXZT+Ii2OFCVeu9wQh/YGgRMuPKX5ycA=
